// !$*UTF8*$!
{
	archiveVersion = 1;
	classes = {
	};
	objectVersion = 56;
	objects = {

/* Begin PBXBuildFile section */
		8E1214352B4F837600848A99 /* AppDelegate.swift in Sources */ = {isa = PBXBuildFile; fileRef = 8E1214342B4F837600848A99 /* AppDelegate.swift */; };
		8E1214372B4F837600848A99 /* SceneDelegate.swift in Sources */ = {isa = PBXBuildFile; fileRef = 8E1214362B4F837600848A99 /* SceneDelegate.swift */; };
		8E1214392B4F837600848A99 /* AmountViewController.swift in Sources */ = {isa = PBXBuildFile; fileRef = 8E1214382B4F837600848A99 /* AmountViewController.swift */; };
		8E12143E2B4F837800848A99 /* Assets.xcassets in Resources */ = {isa = PBXBuildFile; fileRef = 8E12143D2B4F837800848A99 /* Assets.xcassets */; };
		8E1214412B4F837800848A99 /* LaunchScreen.storyboard in Resources */ = {isa = PBXBuildFile; fileRef = 8E12143F2B4F837800848A99 /* LaunchScreen.storyboard */; };
		8E1214492B4F8C7A00848A99 /* AmountPickerModel.swift in Sources */ = {isa = PBXBuildFile; fileRef = 8E1214482B4F8C7A00848A99 /* AmountPickerModel.swift */; };
		8E12144B2B4F8E4B00848A99 /* Helper.swift in Sources */ = {isa = PBXBuildFile; fileRef = 8E12144A2B4F8E4B00848A99 /* Helper.swift */; };
		8E1214512B4F8EB700848A99 /* AmountPickerProvider.swift in Sources */ = {isa = PBXBuildFile; fileRef = 8E1214502B4F8EB700848A99 /* AmountPickerProvider.swift */; };
		8E1214542B4F8F1E00848A99 /* AmountPickerViewModel.swift in Sources */ = {isa = PBXBuildFile; fileRef = 8E1214532B4F8F1E00848A99 /* AmountPickerViewModel.swift */; };
		8E1214582B4F900500848A99 /* HeaderBasicStrategy.swift in Sources */ = {isa = PBXBuildFile; fileRef = 8E1214572B4F900500848A99 /* HeaderBasicStrategy.swift */; };
		8E1214592B4F923000848A99 /* HeaderVariant1.json in Resources */ = {isa = PBXBuildFile; fileRef = 8E12144D2B4F8E7500848A99 /* HeaderVariant1.json */; };
		8E1214602B4F94CB00848A99 /* HeaderValidationBasic.swift in Sources */ = {isa = PBXBuildFile; fileRef = 8E12145F2B4F94CB00848A99 /* HeaderValidationBasic.swift */; };
		8E1214622B508F7400848A99 /* FooterDescriptionAndButtonStrategy.swift in Sources */ = {isa = PBXBuildFile; fileRef = 8E1214612B508F7400848A99 /* FooterDescriptionAndButtonStrategy.swift */; };
		8E1214642B508F8600848A99 /* FooterDropdowAndButtonStrategy.swift in Sources */ = {isa = PBXBuildFile; fileRef = 8E1214632B508F8600848A99 /* FooterDropdowAndButtonStrategy.swift */; };
		8E1214672B508F9D00848A99 /* FooterValidationDropdownAndButton.swift in Sources */ = {isa = PBXBuildFile; fileRef = 8E1214662B508F9D00848A99 /* FooterValidationDropdownAndButton.swift */; };
		8E1214692B50A24E00848A99 /* FooterDropdown.json in Resources */ = {isa = PBXBuildFile; fileRef = 8E1214682B50A24E00848A99 /* FooterDropdown.json */; };
		8E12146B2B50ADC200848A99 /* BaseViewController.swift in Sources */ = {isa = PBXBuildFile; fileRef = 8E12146A2B50ADC200848A99 /* BaseViewController.swift */; };
		8E12146D2B530C8C00848A99 /* FooterValidationDescriptionAndButton.swift in Sources */ = {isa = PBXBuildFile; fileRef = 8E12146C2B530C8C00848A99 /* FooterValidationDescriptionAndButton.swift */; };
		8E12146F2B53213D00848A99 /* AmountBasicStrategy.swift in Sources */ = {isa = PBXBuildFile; fileRef = 8E12146E2B53213D00848A99 /* AmountBasicStrategy.swift */; };
		8E1214722B53217B00848A99 /* AmountValidationBasic.swift in Sources */ = {isa = PBXBuildFile; fileRef = 8E1214712B53217B00848A99 /* AmountValidationBasic.swift */; };
		8E1214742B54407600848A99 /* StateManager.swift in Sources */ = {isa = PBXBuildFile; fileRef = 8E1214732B54407600848A99 /* StateManager.swift */; };
		8E1214762B54430400848A99 /* View+Extension.swift in Sources */ = {isa = PBXBuildFile; fileRef = 8E1214752B54430400848A99 /* View+Extension.swift */; };
		8E1214792B544ABD00848A99 /* DropdownViewController.swift in Sources */ = {isa = PBXBuildFile; fileRef = 8E1214782B544ABD00848A99 /* DropdownViewController.swift */; };
/* End PBXBuildFile section */

/* Begin PBXFileReference section */
		8E1214312B4F837600848A99 /* LoginApp.app */ = {isa = PBXFileReference; explicitFileType = wrapper.application; includeInIndex = 0; path = LoginApp.app; sourceTree = BUILT_PRODUCTS_DIR; };
		8E1214342B4F837600848A99 /* AppDelegate.swift */ = {isa = PBXFileReference; lastKnownFileType = sourcecode.swift; path = AppDelegate.swift; sourceTree = "<group>"; };
		8E1214362B4F837600848A99 /* SceneDelegate.swift */ = {isa = PBXFileReference; lastKnownFileType = sourcecode.swift; path = SceneDelegate.swift; sourceTree = "<group>"; };
		8E1214382B4F837600848A99 /* AmountViewController.swift */ = {isa = PBXFileReference; lastKnownFileType = sourcecode.swift; path = AmountViewController.swift; sourceTree = "<group>"; };
		8E12143D2B4F837800848A99 /* Assets.xcassets */ = {isa = PBXFileReference; lastKnownFileType = folder.assetcatalog; path = Assets.xcassets; sourceTree = "<group>"; };
		8E1214402B4F837800848A99 /* Base */ = {isa = PBXFileReference; lastKnownFileType = file.storyboard; name = Base; path = Base.lproj/LaunchScreen.storyboard; sourceTree = "<group>"; };
		8E1214422B4F837800848A99 /* Info.plist */ = {isa = PBXFileReference; lastKnownFileType = text.plist.xml; path = Info.plist; sourceTree = "<group>"; };
		8E1214482B4F8C7A00848A99 /* AmountPickerModel.swift */ = {isa = PBXFileReference; lastKnownFileType = sourcecode.swift; path = AmountPickerModel.swift; sourceTree = "<group>"; };
		8E12144A2B4F8E4B00848A99 /* Helper.swift */ = {isa = PBXFileReference; lastKnownFileType = sourcecode.swift; path = Helper.swift; sourceTree = "<group>"; };
		8E12144D2B4F8E7500848A99 /* HeaderVariant1.json */ = {isa = PBXFileReference; lastKnownFileType = text.json; path = HeaderVariant1.json; sourceTree = "<group>"; };
		8E1214502B4F8EB700848A99 /* AmountPickerProvider.swift */ = {isa = PBXFileReference; lastKnownFileType = sourcecode.swift; path = AmountPickerProvider.swift; sourceTree = "<group>"; };
		8E1214532B4F8F1E00848A99 /* AmountPickerViewModel.swift */ = {isa = PBXFileReference; lastKnownFileType = sourcecode.swift; path = AmountPickerViewModel.swift; sourceTree = "<group>"; };
		8E1214572B4F900500848A99 /* HeaderBasicStrategy.swift */ = {isa = PBXFileReference; lastKnownFileType = sourcecode.swift; path = HeaderBasicStrategy.swift; sourceTree = "<group>"; };
		8E12145F2B4F94CB00848A99 /* HeaderValidationBasic.swift */ = {isa = PBXFileReference; lastKnownFileType = sourcecode.swift; path = HeaderValidationBasic.swift; sourceTree = "<group>"; };
		8E1214612B508F7400848A99 /* FooterDescriptionAndButtonStrategy.swift */ = {isa = PBXFileReference; lastKnownFileType = sourcecode.swift; path = FooterDescriptionAndButtonStrategy.swift; sourceTree = "<group>"; };
		8E1214632B508F8600848A99 /* FooterDropdowAndButtonStrategy.swift */ = {isa = PBXFileReference; lastKnownFileType = sourcecode.swift; path = FooterDropdowAndButtonStrategy.swift; sourceTree = "<group>"; };
		8E1214662B508F9D00848A99 /* FooterValidationDropdownAndButton.swift */ = {isa = PBXFileReference; lastKnownFileType = sourcecode.swift; path = FooterValidationDropdownAndButton.swift; sourceTree = "<group>"; };
		8E1214682B50A24E00848A99 /* FooterDropdown.json */ = {isa = PBXFileReference; lastKnownFileType = text.json; path = FooterDropdown.json; sourceTree = "<group>"; };
		8E12146A2B50ADC200848A99 /* BaseViewController.swift */ = {isa = PBXFileReference; lastKnownFileType = sourcecode.swift; path = BaseViewController.swift; sourceTree = "<group>"; };
		8E12146C2B530C8C00848A99 /* FooterValidationDescriptionAndButton.swift */ = {isa = PBXFileReference; lastKnownFileType = sourcecode.swift; path = FooterValidationDescriptionAndButton.swift; sourceTree = "<group>"; };
		8E12146E2B53213D00848A99 /* AmountBasicStrategy.swift */ = {isa = PBXFileReference; lastKnownFileType = sourcecode.swift; path = AmountBasicStrategy.swift; sourceTree = "<group>"; };
		8E1214712B53217B00848A99 /* AmountValidationBasic.swift */ = {isa = PBXFileReference; lastKnownFileType = sourcecode.swift; path = AmountValidationBasic.swift; sourceTree = "<group>"; };
		8E1214732B54407600848A99 /* StateManager.swift */ = {isa = PBXFileReference; lastKnownFileType = sourcecode.swift; path = StateManager.swift; sourceTree = "<group>"; };
		8E1214752B54430400848A99 /* View+Extension.swift */ = {isa = PBXFileReference; lastKnownFileType = sourcecode.swift; path = "View+Extension.swift"; sourceTree = "<group>"; };
		8E1214782B544ABD00848A99 /* DropdownViewController.swift */ = {isa = PBXFileReference; lastKnownFileType = sourcecode.swift; path = DropdownViewController.swift; sourceTree = "<group>"; };
/* End PBXFileReference section */

/* Begin PBXFrameworksBuildPhase section */
		8E12142E2B4F837600848A99 /* Frameworks */ = {
			isa = PBXFrameworksBuildPhase;
			buildActionMask = 2147483647;
			files = (
			);
			runOnlyForDeploymentPostprocessing = 0;
		};
/* End PBXFrameworksBuildPhase section */

/* Begin PBXGroup section */
		8E1214282B4F837600848A99 = {
			isa = PBXGroup;
			children = (
				8E1214332B4F837600848A99 /* LoginApp */,
				8E1214322B4F837600848A99 /* Products */,
			);
			sourceTree = "<group>";
		};
		8E1214322B4F837600848A99 /* Products */ = {
			isa = PBXGroup;
			children = (
				8E1214312B4F837600848A99 /* LoginApp.app */,
			);
			name = Products;
			sourceTree = "<group>";
		};
		8E1214332B4F837600848A99 /* LoginApp */ = {
			isa = PBXGroup;
			children = (
				8E12145B2B4F92E600848A99 /* Helper */,
				8E12145A2B4F92DB00848A99 /* Model */,
				8E1214552B4F8FED00848A99 /* Views */,
				8E1214522B4F8F1000848A99 /* ViewModel */,
				8E12144F2B4F8EA800848A99 /* Providers */,
				8E12144C2B4F8E5600848A99 /* Jsons */,
				8E1214342B4F837600848A99 /* AppDelegate.swift */,
				8E1214362B4F837600848A99 /* SceneDelegate.swift */,
				8E12143D2B4F837800848A99 /* Assets.xcassets */,
				8E12143F2B4F837800848A99 /* LaunchScreen.storyboard */,
				8E1214422B4F837800848A99 /* Info.plist */,
			);
			path = LoginApp;
			sourceTree = "<group>";
		};
		8E12144C2B4F8E5600848A99 /* Jsons */ = {
			isa = PBXGroup;
			children = (
				8E12144D2B4F8E7500848A99 /* HeaderVariant1.json */,
				8E1214682B50A24E00848A99 /* FooterDropdown.json */,
			);
			path = Jsons;
			sourceTree = "<group>";
		};
		8E12144F2B4F8EA800848A99 /* Providers */ = {
			isa = PBXGroup;
			children = (
				8E1214502B4F8EB700848A99 /* AmountPickerProvider.swift */,
			);
			path = Providers;
			sourceTree = "<group>";
		};
		8E1214522B4F8F1000848A99 /* ViewModel */ = {
			isa = PBXGroup;
			children = (
				8E1214532B4F8F1E00848A99 /* AmountPickerViewModel.swift */,
			);
			path = ViewModel;
			sourceTree = "<group>";
		};
		8E1214552B4F8FED00848A99 /* Views */ = {
			isa = PBXGroup;
			children = (
				8E1214382B4F837600848A99 /* AmountViewController.swift */,
				8E12145D2B4F931800848A99 /* FooterStrategy */,
				8E12145C2B4F930700848A99 /* AmountStrategy */,
				8E1214562B4F8FF300848A99 /* HeaderStrategy */,
				8E1214732B54407600848A99 /* StateManager.swift */,
			);
			path = Views;
			sourceTree = "<group>";
		};
		8E1214562B4F8FF300848A99 /* HeaderStrategy */ = {
			isa = PBXGroup;
			children = (
				8E12145E2B4F94BA00848A99 /* Validator */,
				8E1214572B4F900500848A99 /* HeaderBasicStrategy.swift */,
			);
			path = HeaderStrategy;
			sourceTree = "<group>";
		};
		8E12145A2B4F92DB00848A99 /* Model */ = {
			isa = PBXGroup;
			children = (
				8E1214482B4F8C7A00848A99 /* AmountPickerModel.swift */,
			);
			path = Model;
			sourceTree = "<group>";
		};
		8E12145B2B4F92E600848A99 /* Helper */ = {
			isa = PBXGroup;
			children = (
				8E12144A2B4F8E4B00848A99 /* Helper.swift */,
				8E12146A2B50ADC200848A99 /* BaseViewController.swift */,
				8E1214752B54430400848A99 /* View+Extension.swift */,
			);
			path = Helper;
			sourceTree = "<group>";
		};
		8E12145C2B4F930700848A99 /* AmountStrategy */ = {
			isa = PBXGroup;
			children = (
				8E1214702B53215E00848A99 /* Validations */,
				8E12146E2B53213D00848A99 /* AmountBasicStrategy.swift */,
			);
			path = AmountStrategy;
			sourceTree = "<group>";
		};
		8E12145D2B4F931800848A99 /* FooterStrategy */ = {
			isa = PBXGroup;
			children = (
				8E1214652B508F8C00848A99 /* Validations */,
				8E1214612B508F7400848A99 /* FooterDescriptionAndButtonStrategy.swift */,
				8E1214632B508F8600848A99 /* FooterDropdowAndButtonStrategy.swift */,
				8E1214782B544ABD00848A99 /* DropdownViewController.swift */,
			);
			path = FooterStrategy;
			sourceTree = "<group>";
		};
		8E12145E2B4F94BA00848A99 /* Validator */ = {
			isa = PBXGroup;
			children = (
				8E12145F2B4F94CB00848A99 /* HeaderValidationBasic.swift */,
			);
			path = Validator;
			sourceTree = "<group>";
		};
		8E1214652B508F8C00848A99 /* Validations */ = {
			isa = PBXGroup;
			children = (
				8E1214662B508F9D00848A99 /* FooterValidationDropdownAndButton.swift */,
				8E12146C2B530C8C00848A99 /* FooterValidationDescriptionAndButton.swift */,
			);
			path = Validations;
			sourceTree = "<group>";
		};
		8E1214702B53215E00848A99 /* Validations */ = {
			isa = PBXGroup;
			children = (
				8E1214712B53217B00848A99 /* AmountValidationBasic.swift */,
			);
			path = Validations;
			sourceTree = "<group>";
		};
/* End PBXGroup section */

/* Begin PBXNativeTarget section */
		8E1214302B4F837600848A99 /* LoginApp */ = {
			isa = PBXNativeTarget;
			buildConfigurationList = 8E1214452B4F837800848A99 /* Build configuration list for PBXNativeTarget "LoginApp" */;
			buildPhases = (
				8E12142D2B4F837600848A99 /* Sources */,
				8E12142E2B4F837600848A99 /* Frameworks */,
				8E12142F2B4F837600848A99 /* Resources */,
			);
			buildRules = (
			);
			dependencies = (
			);
			name = LoginApp;
			productName = LoginApp;
			productReference = 8E1214312B4F837600848A99 /* LoginApp.app */;
			productType = "com.apple.product-type.application";
		};
/* End PBXNativeTarget section */

/* Begin PBXProject section */
		8E1214292B4F837600848A99 /* Project object */ = {
			isa = PBXProject;
			attributes = {
				BuildIndependentTargetsInParallel = 1;
				LastSwiftUpdateCheck = 1510;
				LastUpgradeCheck = 1510;
				TargetAttributes = {
					8E1214302B4F837600848A99 = {
						CreatedOnToolsVersion = 15.1;
					};
				};
			};
			buildConfigurationList = 8E12142C2B4F837600848A99 /* Build configuration list for PBXProject "LoginApp" */;
			compatibilityVersion = "Xcode 14.0";
			developmentRegion = en;
			hasScannedForEncodings = 0;
			knownRegions = (
				en,
				Base,
			);
			mainGroup = 8E1214282B4F837600848A99;
			productRefGroup = 8E1214322B4F837600848A99 /* Products */;
			projectDirPath = "";
			projectRoot = "";
			targets = (
				8E1214302B4F837600848A99 /* LoginApp */,
			);
		};
/* End PBXProject section */

/* Begin PBXResourcesBuildPhase section */
		8E12142F2B4F837600848A99 /* Resources */ = {
			isa = PBXResourcesBuildPhase;
			buildActionMask = 2147483647;
			files = (
				8E1214412B4F837800848A99 /* LaunchScreen.storyboard in Resources */,
				8E12143E2B4F837800848A99 /* Assets.xcassets in Resources */,
				8E1214592B4F923000848A99 /* HeaderVariant1.json in Resources */,
				8E1214692B50A24E00848A99 /* FooterDropdown.json in Resources */,
			);
			runOnlyForDeploymentPostprocessing = 0;
		};
/* End PBXResourcesBuildPhase section */

/* Begin PBXSourcesBuildPhase section */
		8E12142D2B4F837600848A99 /* Sources */ = {
			isa = PBXSourcesBuildPhase;
			buildActionMask = 2147483647;
			files = (
				8E12146F2B53213D00848A99 /* AmountBasicStrategy.swift in Sources */,
				8E1214792B544ABD00848A99 /* DropdownViewController.swift in Sources */,
				8E12146B2B50ADC200848A99 /* BaseViewController.swift in Sources */,
				8E1214672B508F9D00848A99 /* FooterValidationDropdownAndButton.swift in Sources */,
				8E12146D2B530C8C00848A99 /* FooterValidationDescriptionAndButton.swift in Sources */,
				8E1214512B4F8EB700848A99 /* AmountPickerProvider.swift in Sources */,
				8E1214742B54407600848A99 /* StateManager.swift in Sources */,
				8E1214392B4F837600848A99 /* AmountViewController.swift in Sources */,
				8E1214582B4F900500848A99 /* HeaderBasicStrategy.swift in Sources */,
				8E1214722B53217B00848A99 /* AmountValidationBasic.swift in Sources */,
				8E1214642B508F8600848A99 /* FooterDropdowAndButtonStrategy.swift in Sources */,
				8E1214492B4F8C7A00848A99 /* AmountPickerModel.swift in Sources */,
				8E1214542B4F8F1E00848A99 /* AmountPickerViewModel.swift in Sources */,
				8E12144B2B4F8E4B00848A99 /* Helper.swift in Sources */,
				8E1214622B508F7400848A99 /* FooterDescriptionAndButtonStrategy.swift in Sources */,
				8E1214352B4F837600848A99 /* AppDelegate.swift in Sources */,
				8E1214372B4F837600848A99 /* SceneDelegate.swift in Sources */,
				8E1214762B54430400848A99 /* View+Extension.swift in Sources */,
				8E1214602B4F94CB00848A99 /* HeaderValidationBasic.swift in Sources */,
			);
			runOnlyForDeploymentPostprocessing = 0;
		};
/* End PBXSourcesBuildPhase section */

/* Begin PBXVariantGroup section */
		8E12143F2B4F837800848A99 /* LaunchScreen.storyboard */ = {
			isa = PBXVariantGroup;
			children = (
				8E1214402B4F837800848A99 /* Base */,
			);
			name = LaunchScreen.storyboard;
			sourceTree = "<group>";
		};
/* End PBXVariantGroup section */

/* Begin XCBuildConfiguration section */
		8E1214432B4F837800848A99 /* Debug */ = {
			isa = XCBuildConfiguration;
			buildSettings = {
				ALWAYS_SEARCH_USER_PATHS = NO;
				ASSETCATALOG_COMPILER_GENERATE_SWIFT_ASSET_SYMBOL_EXTENSIONS = YES;
				CLANG_ANALYZER_NONNULL = YES;
				CLANG_ANALYZER_NUMBER_OBJECT_CONVERSION = YES_AGGRESSIVE;
				CLANG_CXX_LANGUAGE_STANDARD = "gnu++20";
				CLANG_ENABLE_MODULES = YES;
				CLANG_ENABLE_OBJC_ARC = YES;
				CLANG_ENABLE_OBJC_WEAK = YES;
				CLANG_WARN_BLOCK_CAPTURE_AUTORELEASING = YES;
				CLANG_WARN_BOOL_CONVERSION = YES;
				CLANG_WARN_COMMA = YES;
				CLANG_WARN_CONSTANT_CONVERSION = YES;
				CLANG_WARN_DEPRECATED_OBJC_IMPLEMENTATIONS = YES;
				CLANG_WARN_DIRECT_OBJC_ISA_USAGE = YES_ERROR;
				CLANG_WARN_DOCUMENTATION_COMMENTS = YES;
				CLANG_WARN_EMPTY_BODY = YES;
				CLANG_WARN_ENUM_CONVERSION = YES;
				CLANG_WARN_INFINITE_RECURSION = YES;
				CLANG_WARN_INT_CONVERSION = YES;
				CLANG_WARN_NON_LITERAL_NULL_CONVERSION = YES;
				CLANG_WARN_OBJC_IMPLICIT_RETAIN_SELF = YES;
				CLANG_WARN_OBJC_LITERAL_CONVERSION = YES;
				CLANG_WARN_OBJC_ROOT_CLASS = YES_ERROR;
				CLANG_WARN_QUOTED_INCLUDE_IN_FRAMEWORK_HEADER = YES;
				CLANG_WARN_RANGE_LOOP_ANALYSIS = YES;
				CLANG_WARN_STRICT_PROTOTYPES = YES;
				CLANG_WARN_SUSPICIOUS_MOVE = YES;
				CLANG_WARN_UNGUARDED_AVAILABILITY = YES_AGGRESSIVE;
				CLANG_WARN_UNREACHABLE_CODE = YES;
				CLANG_WARN__DUPLICATE_METHOD_MATCH = YES;
				COPY_PHASE_STRIP = NO;
				DEBUG_INFORMATION_FORMAT = dwarf;
				ENABLE_STRICT_OBJC_MSGSEND = YES;
				ENABLE_TESTABILITY = YES;
				ENABLE_USER_SCRIPT_SANDBOXING = YES;
				GCC_C_LANGUAGE_STANDARD = gnu17;
				GCC_DYNAMIC_NO_PIC = NO;
				GCC_NO_COMMON_BLOCKS = YES;
				GCC_OPTIMIZATION_LEVEL = 0;
				GCC_PREPROCESSOR_DEFINITIONS = (
					"DEBUG=1",
					"$(inherited)",
				);
				GCC_WARN_64_TO_32_BIT_CONVERSION = YES;
				GCC_WARN_ABOUT_RETURN_TYPE = YES_ERROR;
				GCC_WARN_UNDECLARED_SELECTOR = YES;
				GCC_WARN_UNINITIALIZED_AUTOS = YES_AGGRESSIVE;
				GCC_WARN_UNUSED_FUNCTION = YES;
				GCC_WARN_UNUSED_VARIABLE = YES;
				IPHONEOS_DEPLOYMENT_TARGET = 17.2;
				LOCALIZATION_PREFERS_STRING_CATALOGS = YES;
				MTL_ENABLE_DEBUG_INFO = INCLUDE_SOURCE;
				MTL_FAST_MATH = YES;
				ONLY_ACTIVE_ARCH = YES;
				SDKROOT = iphoneos;
				SWIFT_ACTIVE_COMPILATION_CONDITIONS = "DEBUG $(inherited)";
				SWIFT_OPTIMIZATION_LEVEL = "-Onone";
			};
			name = Debug;
		};
		8E1214442B4F837800848A99 /* Release */ = {
			isa = XCBuildConfiguration;
			buildSettings = {
				ALWAYS_SEARCH_USER_PATHS = NO;
				ASSETCATALOG_COMPILER_GENERATE_SWIFT_ASSET_SYMBOL_EXTENSIONS = YES;
				CLANG_ANALYZER_NONNULL = YES;
				CLANG_ANALYZER_NUMBER_OBJECT_CONVERSION = YES_AGGRESSIVE;
				CLANG_CXX_LANGUAGE_STANDARD = "gnu++20";
				CLANG_ENABLE_MODULES = YES;
				CLANG_ENABLE_OBJC_ARC = YES;
				CLANG_ENABLE_OBJC_WEAK = YES;
				CLANG_WARN_BLOCK_CAPTURE_AUTORELEASING = YES;
				CLANG_WARN_BOOL_CONVERSION = YES;
				CLANG_WARN_COMMA = YES;
				CLANG_WARN_CONSTANT_CONVERSION = YES;
				CLANG_WARN_DEPRECATED_OBJC_IMPLEMENTATIONS = YES;
				CLANG_WARN_DIRECT_OBJC_ISA_USAGE = YES_ERROR;
				CLANG_WARN_DOCUMENTATION_COMMENTS = YES;
				CLANG_WARN_EMPTY_BODY = YES;
				CLANG_WARN_ENUM_CONVERSION = YES;
				CLANG_WARN_INFINITE_RECURSION = YES;
				CLANG_WARN_INT_CONVERSION = YES;
				CLANG_WARN_NON_LITERAL_NULL_CONVERSION = YES;
				CLANG_WARN_OBJC_IMPLICIT_RETAIN_SELF = YES;
				CLANG_WARN_OBJC_LITERAL_CONVERSION = YES;
				CLANG_WARN_OBJC_ROOT_CLASS = YES_ERROR;
				CLANG_WARN_QUOTED_INCLUDE_IN_FRAMEWORK_HEADER = YES;
				CLANG_WARN_RANGE_LOOP_ANALYSIS = YES;
				CLANG_WARN_STRICT_PROTOTYPES = YES;
				CLANG_WARN_SUSPICIOUS_MOVE = YES;
				CLANG_WARN_UNGUARDED_AVAILABILITY = YES_AGGRESSIVE;
				CLANG_WARN_UNREACHABLE_CODE = YES;
				CLANG_WARN__DUPLICATE_METHOD_MATCH = YES;
				COPY_PHASE_STRIP = NO;
				DEBUG_INFORMATION_FORMAT = "dwarf-with-dsym";
				ENABLE_NS_ASSERTIONS = NO;
				ENABLE_STRICT_OBJC_MSGSEND = YES;
				ENABLE_USER_SCRIPT_SANDBOXING = YES;
				GCC_C_LANGUAGE_STANDARD = gnu17;
				GCC_NO_COMMON_BLOCKS = YES;
				GCC_WARN_64_TO_32_BIT_CONVERSION = YES;
				GCC_WARN_ABOUT_RETURN_TYPE = YES_ERROR;
				GCC_WARN_UNDECLARED_SELECTOR = YES;
				GCC_WARN_UNINITIALIZED_AUTOS = YES_AGGRESSIVE;
				GCC_WARN_UNUSED_FUNCTION = YES;
				GCC_WARN_UNUSED_VARIABLE = YES;
				IPHONEOS_DEPLOYMENT_TARGET = 17.2;
				LOCALIZATION_PREFERS_STRING_CATALOGS = YES;
				MTL_ENABLE_DEBUG_INFO = NO;
				MTL_FAST_MATH = YES;
				SDKROOT = iphoneos;
				SWIFT_COMPILATION_MODE = wholemodule;
				VALIDATE_PRODUCT = YES;
			};
			name = Release;
		};
		8E1214462B4F837800848A99 /* Debug */ = {
			isa = XCBuildConfiguration;
			buildSettings = {
				ASSETCATALOG_COMPILER_APPICON_NAME = AppIcon;
				ASSETCATALOG_COMPILER_GLOBAL_ACCENT_COLOR_NAME = AccentColor;
				CODE_SIGN_STYLE = Automatic;
				CURRENT_PROJECT_VERSION = 1;
				DEVELOPMENT_TEAM = Z6247PH2JQ;
				GENERATE_INFOPLIST_FILE = YES;
				INFOPLIST_FILE = LoginApp/Info.plist;
				INFOPLIST_KEY_UIApplicationSupportsIndirectInputEvents = YES;
				INFOPLIST_KEY_UILaunchStoryboardName = LaunchScreen;
				INFOPLIST_KEY_UISupportedInterfaceOrientations_iPad = "UIInterfaceOrientationPortrait UIInterfaceOrientationPortraitUpsideDown UIInterfaceOrientationLandscapeLeft UIInterfaceOrientationLandscapeRight";
				INFOPLIST_KEY_UISupportedInterfaceOrientations_iPhone = "UIInterfaceOrientationPortrait UIInterfaceOrientationLandscapeLeft UIInterfaceOrientationLandscapeRight";
				LD_RUNPATH_SEARCH_PATHS = (
					"$(inherited)",
					"@executable_path/Frameworks",
				);
				MARKETING_VERSION = 1.0;
				PRODUCT_BUNDLE_IDENTIFIER = com.dev.victorroldan.LoginApp;
				PRODUCT_NAME = "$(TARGET_NAME)";
				SWIFT_EMIT_LOC_STRINGS = YES;
				SWIFT_VERSION = 5.0;
				TARGETED_DEVICE_FAMILY = "1,2";
			};
			name = Debug;
		};
		8E1214472B4F837800848A99 /* Release */ = {
			isa = XCBuildConfiguration;
			buildSettings = {
				ASSETCATALOG_COMPILER_APPICON_NAME = AppIcon;
				ASSETCATALOG_COMPILER_GLOBAL_ACCENT_COLOR_NAME = AccentColor;
				CODE_SIGN_STYLE = Automatic;
				CURRENT_PROJECT_VERSION = 1;
				DEVELOPMENT_TEAM = Z6247PH2JQ;
				GENERATE_INFOPLIST_FILE = YES;
				INFOPLIST_FILE = LoginApp/Info.plist;
				INFOPLIST_KEY_UIApplicationSupportsIndirectInputEvents = YES;
				INFOPLIST_KEY_UILaunchStoryboardName = LaunchScreen;
				INFOPLIST_KEY_UISupportedInterfaceOrientations_iPad = "UIInterfaceOrientationPortrait UIInterfaceOrientationPortraitUpsideDown UIInterfaceOrientationLandscapeLeft UIInterfaceOrientationLandscapeRight";
				INFOPLIST_KEY_UISupportedInterfaceOrientations_iPhone = "UIInterfaceOrientationPortrait UIInterfaceOrientationLandscapeLeft UIInterfaceOrientationLandscapeRight";
				LD_RUNPATH_SEARCH_PATHS = (
					"$(inherited)",
					"@executable_path/Frameworks",
				);
				MARKETING_VERSION = 1.0;
				PRODUCT_BUNDLE_IDENTIFIER = com.dev.victorroldan.LoginApp;
				PRODUCT_NAME = "$(TARGET_NAME)";
				SWIFT_EMIT_LOC_STRINGS = YES;
				SWIFT_VERSION = 5.0;
				TARGETED_DEVICE_FAMILY = "1,2";
			};
			name = Release;
		};
/* End XCBuildConfiguration section */

/* Begin XCConfigurationList section */
		8E12142C2B4F837600848A99 /* Build configuration list for PBXProject "LoginApp" */ = {
			isa = XCConfigurationList;
			buildConfigurations = (
				8E1214432B4F837800848A99 /* Debug */,
				8E1214442B4F837800848A99 /* Release */,
			);
			defaultConfigurationIsVisible = 0;
			defaultConfigurationName = Release;
		};
		8E1214452B4F837800848A99 /* Build configuration list for PBXNativeTarget "LoginApp" */ = {
			isa = XCConfigurationList;
			buildConfigurations = (
				8E1214462B4F837800848A99 /* Debug */,
				8E1214472B4F837800848A99 /* Release */,
			);
			defaultConfigurationIsVisible = 0;
			defaultConfigurationName = Release;
		};
/* End XCConfigurationList section */
	};
	rootObject = 8E1214292B4F837600848A99 /* Project object */;
}
